
Microsoft Visual Studio Solution File, Format Version 12.00
# Visual Studio Version 16
VisualStudioVersion = 16.0.30011.22
MinimumVisualStudioVersion = 10.0.40219.1
Project("{FAE04EC0-301F-11D3-BF4B-00C04F79EFBC}") = "PalindromeApi", "PalindromeApi\PalindromeApi.csproj", "{1C51ABE3-BB01-44AB-A42A-334E410F4ADB}"
EndProject
Project("{FAE04EC0-301F-11D3-BF4B-00C04F79EFBC}") = "PalindromeApiTests", "PalindromeApiTests\PalindromeApiTests.csproj", "{AB34A0B9-A19F-49B4-99AB-621C2B8DCDF9}"
EndProject
Global
	GlobalSection(SolutionConfigurationPlatforms) = preSolution
		Debug|Any CPU = Debug|Any CPU
		Release|Any CPU = Release|Any CPU
	EndGlobalSection
	GlobalSection(ProjectConfigurationPlatforms) = postSolution
		{1C51ABE3-BB01-44AB-A42A-334E410F4ADB}.Debug|Any CPU.ActiveCfg = Debug|Any CPU
		{1C51ABE3-BB01-44AB-A42A-334E410F4ADB}.Debug|Any CPU.Build.0 = Debug|Any CPU
		{1C51ABE3-BB01-44AB-A42A-334E410F4ADB}.Release|Any CPU.ActiveCfg = Release|Any CPU
		{1C51ABE3-BB01-44AB-A42A-334E410F4ADB}.Release|Any CPU.Build.0 = Release|Any CPU
		{AB34A0B9-A19F-49B4-99AB-621C2B8DCDF9}.Debug|Any CPU.ActiveCfg = Debug|Any CPU
		{AB34A0B9-A19F-49B4-99AB-621C2B8DCDF9}.Debug|Any CPU.Build.0 = Debug|Any CPU
		{AB34A0B9-A19F-49B4-99AB-621C2B8DCDF9}.Release|Any CPU.ActiveCfg = Release|Any CPU
		{AB34A0B9-A19F-49B4-99AB-621C2B8DCDF9}.Release|Any CPU.Build.0 = Release|Any CPU
	EndGlobalSection
	GlobalSection(SolutionProperties) = preSolution
		HideSolutionNode = FALSE
	EndGlobalSection
	GlobalSection(ExtensibilityGlobals) = postSolution
		SolutionGuid = {E6C0C228-C0D9-45C7-B694-449FE564B392}
	EndGlobalSection
EndGlobal
